
Microsoft Visual Studio Solution File, Format Version 12.00
# Visual Studio Version 17
VisualStudioVersion = 17.14.36301.6
MinimumVisualStudioVersion = 10.0.40219.1
Project("{FAE04EC0-301F-11D3-BF4B-00C04F79EFBC}") = "S", "S\S.csproj", "{D2A51975-3A42-4A07-9EFA-1CD51186D53B}"
EndProject
Project("{FAE04EC0-301F-11D3-BF4B-00C04F79EFBC}") = "CLient1", "CLient1\CLient1.csproj", "{F38FC921-658C-4755-B3B1-AC3ADE3E1A52}"
EndProject
Global
	GlobalSection(SolutionConfigurationPlatforms) = preSolution
		Debug|Any CPU = Debug|Any CPU
		Release|Any CPU = Release|Any CPU
	EndGlobalSection
	GlobalSection(ProjectConfigurationPlatforms) = postSolution
		{D2A51975-3A42-4A07-9EFA-1CD51186D53B}.Debug|Any CPU.ActiveCfg = Debug|Any CPU
		{D2A51975-3A42-4A07-9EFA-1CD51186D53B}.Debug|Any CPU.Build.0 = Debug|Any CPU
		{D2A51975-3A42-4A07-9EFA-1CD51186D53B}.Release|Any CPU.ActiveCfg = Release|Any CPU
		{D2A51975-3A42-4A07-9EFA-1CD51186D53B}.Release|Any CPU.Build.0 = Release|Any CPU
		{F38FC921-658C-4755-B3B1-AC3ADE3E1A52}.Debug|Any CPU.ActiveCfg = Debug|Any CPU
		{F38FC921-658C-4755-B3B1-AC3ADE3E1A52}.Debug|Any CPU.Build.0 = Debug|Any CPU
		{F38FC921-658C-4755-B3B1-AC3ADE3E1A52}.Release|Any CPU.ActiveCfg = Release|Any CPU
		{F38FC921-658C-4755-B3B1-AC3ADE3E1A52}.Release|Any CPU.Build.0 = Release|Any CPU
	EndGlobalSection
	GlobalSection(SolutionProperties) = preSolution
		HideSolutionNode = FALSE
	EndGlobalSection
	GlobalSection(ExtensibilityGlobals) = postSolution
		SolutionGuid = {9B8C1382-59D0-423B-B364-0E6F977BF806}
	EndGlobalSection
EndGlobal
